
Microsoft Visual Studio Solution File, Format Version 12.00
# Visual Studio 2012
Project("{FAE04EC0-301F-11D3-BF4B-00C04F79EFBC}") = "MySQLBackupService", "MySQLBackupService\MySQLBackupService.csproj", "{25D6AAAC-A807-40A3-BD21-773E5A7BF0D6}"
EndProject
Project("{FAE04EC0-301F-11D3-BF4B-00C04F79EFBC}") = "MySQLBackupManager", "MySQLBackupManager\MySQLBackupManager.csproj", "{7D5254B9-1CC0-482A-BE52-2F2EB6613EB4}"
EndProject
Project("{FAE04EC0-301F-11D3-BF4B-00C04F79EFBC}") = "MySQLBackupLibrary", "MySQLBackupLibrary\MySQLBackupLibrary.csproj", "{019F9BE8-E8A9-43B3-B43D-02E29F00E403}"
EndProject
Project("{FAE04EC0-301F-11D3-BF4B-00C04F79EFBC}") = "MySQLBackupLibraryTest", "MySQLBackupLibraryTest\MySQLBackupLibraryTest.csproj", "{C9B2207E-A861-4EC4-A7D1-59FFF5FE04B6}"
EndProject
Project("{6141683F-8A12-4E36-9623-2EB02B2C2303}") = "MysqlBackupManagerInstaller", "MysqlBackupManagerInstaller\MysqlBackupManagerInstaller.isproj", "{43CC31AA-7225-49AD-8C50-7310E93476B7}"
	ProjectSection(ProjectDependencies) = postProject
		{25D6AAAC-A807-40A3-BD21-773E5A7BF0D6} = {25D6AAAC-A807-40A3-BD21-773E5A7BF0D6}
		{019F9BE8-E8A9-43B3-B43D-02E29F00E403} = {019F9BE8-E8A9-43B3-B43D-02E29F00E403}
	EndProjectSection
EndProject
Global
	GlobalSection(SolutionConfigurationPlatforms) = preSolution
		CD_ROM|Any CPU = CD_ROM|Any CPU
		Debug|Any CPU = Debug|Any CPU
		DVD-5|Any CPU = DVD-5|Any CPU
		Release|Any CPU = Release|Any CPU
		SingleImage|Any CPU = SingleImage|Any CPU
	EndGlobalSection
	GlobalSection(ProjectConfigurationPlatforms) = postSolution
		{25D6AAAC-A807-40A3-BD21-773E5A7BF0D6}.CD_ROM|Any CPU.ActiveCfg = Release|Any CPU
		{25D6AAAC-A807-40A3-BD21-773E5A7BF0D6}.CD_ROM|Any CPU.Build.0 = Release|Any CPU
		{25D6AAAC-A807-40A3-BD21-773E5A7BF0D6}.Debug|Any CPU.ActiveCfg = Debug|Any CPU
		{25D6AAAC-A807-40A3-BD21-773E5A7BF0D6}.Debug|Any CPU.Build.0 = Debug|Any CPU
		{25D6AAAC-A807-40A3-BD21-773E5A7BF0D6}.DVD-5|Any CPU.ActiveCfg = Debug|Any CPU
		{25D6AAAC-A807-40A3-BD21-773E5A7BF0D6}.DVD-5|Any CPU.Build.0 = Debug|Any CPU
		{25D6AAAC-A807-40A3-BD21-773E5A7BF0D6}.Release|Any CPU.ActiveCfg = Release|Any CPU
		{25D6AAAC-A807-40A3-BD21-773E5A7BF0D6}.Release|Any CPU.Build.0 = Release|Any CPU
		{25D6AAAC-A807-40A3-BD21-773E5A7BF0D6}.SingleImage|Any CPU.ActiveCfg = Release|Any CPU
		{25D6AAAC-A807-40A3-BD21-773E5A7BF0D6}.SingleImage|Any CPU.Build.0 = Release|Any CPU
		{7D5254B9-1CC0-482A-BE52-2F2EB6613EB4}.CD_ROM|Any CPU.ActiveCfg = Release|Any CPU
		{7D5254B9-1CC0-482A-BE52-2F2EB6613EB4}.CD_ROM|Any CPU.Build.0 = Release|Any CPU
		{7D5254B9-1CC0-482A-BE52-2F2EB6613EB4}.Debug|Any CPU.ActiveCfg = Debug|Any CPU
		{7D5254B9-1CC0-482A-BE52-2F2EB6613EB4}.Debug|Any CPU.Build.0 = Debug|Any CPU
		{7D5254B9-1CC0-482A-BE52-2F2EB6613EB4}.DVD-5|Any CPU.ActiveCfg = Debug|Any CPU
		{7D5254B9-1CC0-482A-BE52-2F2EB6613EB4}.DVD-5|Any CPU.Build.0 = Debug|Any CPU
		{7D5254B9-1CC0-482A-BE52-2F2EB6613EB4}.Release|Any CPU.ActiveCfg = Release|Any CPU
		{7D5254B9-1CC0-482A-BE52-2F2EB6613EB4}.Release|Any CPU.Build.0 = Release|Any CPU
		{7D5254B9-1CC0-482A-BE52-2F2EB6613EB4}.SingleImage|Any CPU.ActiveCfg = Release|Any CPU
		{7D5254B9-1CC0-482A-BE52-2F2EB6613EB4}.SingleImage|Any CPU.Build.0 = Release|Any CPU
		{019F9BE8-E8A9-43B3-B43D-02E29F00E403}.CD_ROM|Any CPU.ActiveCfg = Release|Any CPU
		{019F9BE8-E8A9-43B3-B43D-02E29F00E403}.CD_ROM|Any CPU.Build.0 = Release|Any CPU
		{019F9BE8-E8A9-43B3-B43D-02E29F00E403}.Debug|Any CPU.ActiveCfg = Debug|Any CPU
		{019F9BE8-E8A9-43B3-B43D-02E29F00E403}.Debug|Any CPU.Build.0 = Debug|Any CPU
		{019F9BE8-E8A9-43B3-B43D-02E29F00E403}.DVD-5|Any CPU.ActiveCfg = Debug|Any CPU
		{019F9BE8-E8A9-43B3-B43D-02E29F00E403}.DVD-5|Any CPU.Build.0 = Debug|Any CPU
		{019F9BE8-E8A9-43B3-B43D-02E29F00E403}.Release|Any CPU.ActiveCfg = Release|Any CPU
		{019F9BE8-E8A9-43B3-B43D-02E29F00E403}.Release|Any CPU.Build.0 = Release|Any CPU
		{019F9BE8-E8A9-43B3-B43D-02E29F00E403}.SingleImage|Any CPU.ActiveCfg = Release|Any CPU
		{019F9BE8-E8A9-43B3-B43D-02E29F00E403}.SingleImage|Any CPU.Build.0 = Release|Any CPU
		{C9B2207E-A861-4EC4-A7D1-59FFF5FE04B6}.CD_ROM|Any CPU.ActiveCfg = Release|Any CPU
		{C9B2207E-A861-4EC4-A7D1-59FFF5FE04B6}.CD_ROM|Any CPU.Build.0 = Release|Any CPU
		{C9B2207E-A861-4EC4-A7D1-59FFF5FE04B6}.Debug|Any CPU.ActiveCfg = Debug|Any CPU
		{C9B2207E-A861-4EC4-A7D1-59FFF5FE04B6}.Debug|Any CPU.Build.0 = Debug|Any CPU
		{C9B2207E-A861-4EC4-A7D1-59FFF5FE04B6}.DVD-5|Any CPU.ActiveCfg = Debug|Any CPU
		{C9B2207E-A861-4EC4-A7D1-59FFF5FE04B6}.DVD-5|Any CPU.Build.0 = Debug|Any CPU
		{C9B2207E-A861-4EC4-A7D1-59FFF5FE04B6}.Release|Any CPU.ActiveCfg = Release|Any CPU
		{C9B2207E-A861-4EC4-A7D1-59FFF5FE04B6}.Release|Any CPU.Build.0 = Release|Any CPU
		{C9B2207E-A861-4EC4-A7D1-59FFF5FE04B6}.SingleImage|Any CPU.ActiveCfg = Release|Any CPU
		{C9B2207E-A861-4EC4-A7D1-59FFF5FE04B6}.SingleImage|Any CPU.Build.0 = Release|Any CPU
		{43CC31AA-7225-49AD-8C50-7310E93476B7}.CD_ROM|Any CPU.ActiveCfg = CD_ROM
		{43CC31AA-7225-49AD-8C50-7310E93476B7}.CD_ROM|Any CPU.Build.0 = CD_ROM
		{43CC31AA-7225-49AD-8C50-7310E93476B7}.Debug|Any CPU.ActiveCfg = DVD-5
		{43CC31AA-7225-49AD-8C50-7310E93476B7}.Debug|Any CPU.Build.0 = DVD-5
		{43CC31AA-7225-49AD-8C50-7310E93476B7}.DVD-5|Any CPU.ActiveCfg = DVD-5
		{43CC31AA-7225-49AD-8C50-7310E93476B7}.DVD-5|Any CPU.Build.0 = DVD-5
		{43CC31AA-7225-49AD-8C50-7310E93476B7}.Release|Any CPU.ActiveCfg = SingleImage
		{43CC31AA-7225-49AD-8C50-7310E93476B7}.Release|Any CPU.Build.0 = SingleImage
		{43CC31AA-7225-49AD-8C50-7310E93476B7}.SingleImage|Any CPU.ActiveCfg = SingleImage
		{43CC31AA-7225-49AD-8C50-7310E93476B7}.SingleImage|Any CPU.Build.0 = SingleImage
	EndGlobalSection
	GlobalSection(SolutionProperties) = preSolution
		HideSolutionNode = FALSE
	EndGlobalSection
EndGlobal
